
Microsoft Visual Studio Solution File, Format Version 12.00
# Visual Studio Version 17
VisualStudioVersion = 17.8.34330.188
MinimumVisualStudioVersion = 10.0.40219.1
Project("{FAE04EC0-301F-11D3-BF4B-00C04F79EFBC}") = "Tsk11", "Tsk11\Tsk11.csproj", "{1261F489-C263-466A-8377-59C64C7488EB}"
EndProject
Global
	GlobalSection(SolutionConfigurationPlatforms) = preSolution
		Debug|Any CPU = Debug|Any CPU
		Release|Any CPU = Release|Any CPU
	EndGlobalSection
	GlobalSection(ProjectConfigurationPlatforms) = postSolution
		{1261F489-C263-466A-8377-59C64C7488EB}.Debug|Any CPU.ActiveCfg = Debug|Any CPU
		{1261F489-C263-466A-8377-59C64C7488EB}.Debug|Any CPU.Build.0 = Debug|Any CPU
		{1261F489-C263-466A-8377-59C64C7488EB}.Release|Any CPU.ActiveCfg = Release|Any CPU
		{1261F489-C263-466A-8377-59C64C7488EB}.Release|Any CPU.Build.0 = Release|Any CPU
	EndGlobalSection
	GlobalSection(SolutionProperties) = preSolution
		HideSolutionNode = FALSE
	EndGlobalSection
	GlobalSection(ExtensibilityGlobals) = postSolution
		SolutionGuid = {41F8351D-BC1D-48DC-885B-F63220D00F6F}
	EndGlobalSection
EndGlobal
